{
  "name": "will-this-react-global-state-work-in-concurrent-mode",
  "version": "0.1.0",
  "lockfileVersion": 1,
  "requires": true,
  "dependencies": {
    "concent": {
      "version": "2.14.19",
      "resolved": "https://registry.npmjs.org/concent/-/concent-2.14.19.tgz",
      "integrity": "sha512-BfHg9mZmKYz6dFtisBt3SxV/+W6OJhjKmdNZBUNTG2xSzkN5EnT94EOptC4XdvvRktVuqRn4QstiNRosov5dXg=="
    }
  }
}
